
Microsoft Visual Studio Solution File, Format Version 12.00
# Visual Studio Version 16
VisualStudioVersion = 16.0.29613.14
MinimumVisualStudioVersion = 10.0.40219.1
Project("{FAE04EC0-301F-11D3-BF4B-00C04F79EFBC}") = "SuncatService", "SuncatService\SuncatService.csproj", "{FA4071A2-D345-4981-B5A3-6BBE27A78A1C}"
EndProject
Project("{FAE04EC0-301F-11D3-BF4B-00C04F79EFBC}") = "Cassia", "Cassia\Source\Cassia\Cassia.csproj", "{FA7C09C9-33DE-459E-8299-DE57834CEC15}"
EndProject
Project("{FAE04EC0-301F-11D3-BF4B-00C04F79EFBC}") = "SuncatServiceTestApp", "SuncatServiceTestApp\SuncatServiceTestApp.csproj", "{DB876018-2AAB-4757-8EB0-F769B1D7322F}"
EndProject
Project("{FAE04EC0-301F-11D3-BF4B-00C04F79EFBC}") = "PListNet", "PList-Net\PListNet\PListNet.csproj", "{C1154025-FCAB-40AF-A715-91D10420C321}"
EndProject
Project("{FAE04EC0-301F-11D3-BF4B-00C04F79EFBC}") = "SuncatObjects", "SuncatObjects\SuncatObjects.csproj", "{63C3AEF5-1057-4481-960B-9B841A2F1931}"
EndProject
Project("{54435603-DBB4-11D2-8724-00A0C9A8B90C}") = "SuncatSetup", "SuncatSetup\SuncatSetup.vdproj", "{65D2BCB9-3741-46DD-BA61-2497F16D775C}"
EndProject
Project("{FAE04EC0-301F-11D3-BF4B-00C04F79EFBC}") = "SuncatHook", "SuncatHook\SuncatHook.csproj", "{9DDE1BC4-6627-423E-B5E6-2F1CB2C4FBEE}"
EndProject
Global
	GlobalSection(SolutionConfigurationPlatforms) = preSolution
		Debug|Any CPU = Debug|Any CPU
		Debug|x64 = Debug|x64
		Debug|x86 = Debug|x86
		Release|Any CPU = Release|Any CPU
		Release|x64 = Release|x64
		Release|x86 = Release|x86
	EndGlobalSection
	GlobalSection(ProjectConfigurationPlatforms) = postSolution
		{FA4071A2-D345-4981-B5A3-6BBE27A78A1C}.Debug|Any CPU.ActiveCfg = Debug|Any CPU
		{FA4071A2-D345-4981-B5A3-6BBE27A78A1C}.Debug|Any CPU.Build.0 = Debug|Any CPU
		{FA4071A2-D345-4981-B5A3-6BBE27A78A1C}.Debug|x64.ActiveCfg = Debug|Any CPU
		{FA4071A2-D345-4981-B5A3-6BBE27A78A1C}.Debug|x64.Build.0 = Debug|Any CPU
		{FA4071A2-D345-4981-B5A3-6BBE27A78A1C}.Debug|x86.ActiveCfg = Debug|Any CPU
		{FA4071A2-D345-4981-B5A3-6BBE27A78A1C}.Debug|x86.Build.0 = Debug|Any CPU
		{FA4071A2-D345-4981-B5A3-6BBE27A78A1C}.Release|Any CPU.ActiveCfg = Release|Any CPU
		{FA4071A2-D345-4981-B5A3-6BBE27A78A1C}.Release|Any CPU.Build.0 = Release|Any CPU
		{FA4071A2-D345-4981-B5A3-6BBE27A78A1C}.Release|x64.ActiveCfg = Release|x64
		{FA4071A2-D345-4981-B5A3-6BBE27A78A1C}.Release|x64.Build.0 = Release|x64
		{FA4071A2-D345-4981-B5A3-6BBE27A78A1C}.Release|x86.ActiveCfg = Release|Any CPU
		{FA4071A2-D345-4981-B5A3-6BBE27A78A1C}.Release|x86.Build.0 = Release|Any CPU
		{FA7C09C9-33DE-459E-8299-DE57834CEC15}.Debug|Any CPU.ActiveCfg = Debug|Any CPU
		{FA7C09C9-33DE-459E-8299-DE57834CEC15}.Debug|Any CPU.Build.0 = Debug|Any CPU
		{FA7C09C9-33DE-459E-8299-DE57834CEC15}.Debug|x64.ActiveCfg = Debug|Any CPU
		{FA7C09C9-33DE-459E-8299-DE57834CEC15}.Debug|x64.Build.0 = Debug|Any CPU
		{FA7C09C9-33DE-459E-8299-DE57834CEC15}.Debug|x86.ActiveCfg = Debug|Any CPU
		{FA7C09C9-33DE-459E-8299-DE57834CEC15}.Debug|x86.Build.0 = Debug|Any CPU
		{FA7C09C9-33DE-459E-8299-DE57834CEC15}.Release|Any CPU.ActiveCfg = Release|Any CPU
		{FA7C09C9-33DE-459E-8299-DE57834CEC15}.Release|Any CPU.Build.0 = Release|Any CPU
		{FA7C09C9-33DE-459E-8299-DE57834CEC15}.Release|x64.ActiveCfg = Release|x64
		{FA7C09C9-33DE-459E-8299-DE57834CEC15}.Release|x64.Build.0 = Release|x64
		{FA7C09C9-33DE-459E-8299-DE57834CEC15}.Release|x86.ActiveCfg = Release|Any CPU
		{FA7C09C9-33DE-459E-8299-DE57834CEC15}.Release|x86.Build.0 = Release|Any CPU
		{DB876018-2AAB-4757-8EB0-F769B1D7322F}.Debug|Any CPU.ActiveCfg = Debug|Any CPU
		{DB876018-2AAB-4757-8EB0-F769B1D7322F}.Debug|Any CPU.Build.0 = Debug|Any CPU
		{DB876018-2AAB-4757-8EB0-F769B1D7322F}.Debug|x64.ActiveCfg = Debug|Any CPU
		{DB876018-2AAB-4757-8EB0-F769B1D7322F}.Debug|x64.Build.0 = Debug|Any CPU
		{DB876018-2AAB-4757-8EB0-F769B1D7322F}.Debug|x86.ActiveCfg = Debug|Any CPU
		{DB876018-2AAB-4757-8EB0-F769B1D7322F}.Debug|x86.Build.0 = Debug|Any CPU
		{DB876018-2AAB-4757-8EB0-F769B1D7322F}.Release|Any CPU.ActiveCfg = Release|Any CPU
		{DB876018-2AAB-4757-8EB0-F769B1D7322F}.Release|Any CPU.Build.0 = Release|Any CPU
		{DB876018-2AAB-4757-8EB0-F769B1D7322F}.Release|x64.ActiveCfg = Release|x64
		{DB876018-2AAB-4757-8EB0-F769B1D7322F}.Release|x64.Build.0 = Release|x64
		{DB876018-2AAB-4757-8EB0-F769B1D7322F}.Release|x86.ActiveCfg = Release|Any CPU
		{DB876018-2AAB-4757-8EB0-F769B1D7322F}.Release|x86.Build.0 = Release|Any CPU
		{C1154025-FCAB-40AF-A715-91D10420C321}.Debug|Any CPU.ActiveCfg = Debug|Any CPU
		{C1154025-FCAB-40AF-A715-91D10420C321}.Debug|Any CPU.Build.0 = Debug|Any CPU
		{C1154025-FCAB-40AF-A715-91D10420C321}.Debug|x64.ActiveCfg = Debug|Any CPU
		{C1154025-FCAB-40AF-A715-91D10420C321}.Debug|x64.Build.0 = Debug|Any CPU
		{C1154025-FCAB-40AF-A715-91D10420C321}.Debug|x86.ActiveCfg = Debug|Any CPU
		{C1154025-FCAB-40AF-A715-91D10420C321}.Debug|x86.Build.0 = Debug|Any CPU
		{C1154025-FCAB-40AF-A715-91D10420C321}.Release|Any CPU.ActiveCfg = Release|Any CPU
		{C1154025-FCAB-40AF-A715-91D10420C321}.Release|Any CPU.Build.0 = Release|Any CPU
		{C1154025-FCAB-40AF-A715-91D10420C321}.Release|x64.ActiveCfg = Release|x64
		{C1154025-FCAB-40AF-A715-91D10420C321}.Release|x64.Build.0 = Release|x64
		{C1154025-FCAB-40AF-A715-91D10420C321}.Release|x86.ActiveCfg = Release|Any CPU
		{C1154025-FCAB-40AF-A715-91D10420C321}.Release|x86.Build.0 = Release|Any CPU
		{63C3AEF5-1057-4481-960B-9B841A2F1931}.Debug|Any CPU.ActiveCfg = Debug|Any CPU
		{63C3AEF5-1057-4481-960B-9B841A2F1931}.Debug|Any CPU.Build.0 = Debug|Any CPU
		{63C3AEF5-1057-4481-960B-9B841A2F1931}.Debug|x64.ActiveCfg = Debug|Any CPU
		{63C3AEF5-1057-4481-960B-9B841A2F1931}.Debug|x64.Build.0 = Debug|Any CPU
		{63C3AEF5-1057-4481-960B-9B841A2F1931}.Debug|x86.ActiveCfg = Debug|Any CPU
		{63C3AEF5-1057-4481-960B-9B841A2F1931}.Debug|x86.Build.0 = Debug|Any CPU
		{63C3AEF5-1057-4481-960B-9B841A2F1931}.Release|Any CPU.ActiveCfg = Release|Any CPU
		{63C3AEF5-1057-4481-960B-9B841A2F1931}.Release|Any CPU.Build.0 = Release|Any CPU
		{63C3AEF5-1057-4481-960B-9B841A2F1931}.Release|x64.ActiveCfg = Release|x64
		{63C3AEF5-1057-4481-960B-9B841A2F1931}.Release|x64.Build.0 = Release|x64
		{63C3AEF5-1057-4481-960B-9B841A2F1931}.Release|x86.ActiveCfg = Release|Any CPU
		{63C3AEF5-1057-4481-960B-9B841A2F1931}.Release|x86.Build.0 = Release|Any CPU
		{65D2BCB9-3741-46DD-BA61-2497F16D775C}.Debug|Any CPU.ActiveCfg = Debug
		{65D2BCB9-3741-46DD-BA61-2497F16D775C}.Debug|x64.ActiveCfg = Debug
		{65D2BCB9-3741-46DD-BA61-2497F16D775C}.Debug|x86.ActiveCfg = Debug
		{65D2BCB9-3741-46DD-BA61-2497F16D775C}.Debug|x86.Build.0 = Debug
		{65D2BCB9-3741-46DD-BA61-2497F16D775C}.Release|Any CPU.ActiveCfg = Release
		{65D2BCB9-3741-46DD-BA61-2497F16D775C}.Release|Any CPU.Build.0 = Release
		{65D2BCB9-3741-46DD-BA61-2497F16D775C}.Release|x64.ActiveCfg = Release
		{65D2BCB9-3741-46DD-BA61-2497F16D775C}.Release|x64.Build.0 = Release
		{65D2BCB9-3741-46DD-BA61-2497F16D775C}.Release|x86.ActiveCfg = Release
		{65D2BCB9-3741-46DD-BA61-2497F16D775C}.Release|x86.Build.0 = Release
		{9DDE1BC4-6627-423E-B5E6-2F1CB2C4FBEE}.Debug|Any CPU.ActiveCfg = Debug|Any CPU
		{9DDE1BC4-6627-423E-B5E6-2F1CB2C4FBEE}.Debug|Any CPU.Build.0 = Debug|Any CPU
		{9DDE1BC4-6627-423E-B5E6-2F1CB2C4FBEE}.Debug|x64.ActiveCfg = Debug|Any CPU
		{9DDE1BC4-6627-423E-B5E6-2F1CB2C4FBEE}.Debug|x64.Build.0 = Debug|Any CPU
		{9DDE1BC4-6627-423E-B5E6-2F1CB2C4FBEE}.Debug|x86.ActiveCfg = Debug|Any CPU
		{9DDE1BC4-6627-423E-B5E6-2F1CB2C4FBEE}.Debug|x86.Build.0 = Debug|Any CPU
		{9DDE1BC4-6627-423E-B5E6-2F1CB2C4FBEE}.Release|Any CPU.ActiveCfg = Release|Any CPU
		{9DDE1BC4-6627-423E-B5E6-2F1CB2C4FBEE}.Release|Any CPU.Build.0 = Release|Any CPU
		{9DDE1BC4-6627-423E-B5E6-2F1CB2C4FBEE}.Release|x64.ActiveCfg = Release|x64
		{9DDE1BC4-6627-423E-B5E6-2F1CB2C4FBEE}.Release|x64.Build.0 = Release|x64
		{9DDE1BC4-6627-423E-B5E6-2F1CB2C4FBEE}.Release|x86.ActiveCfg = Release|Any CPU
		{9DDE1BC4-6627-423E-B5E6-2F1CB2C4FBEE}.Release|x86.Build.0 = Release|Any CPU
	EndGlobalSection
	GlobalSection(SolutionProperties) = preSolution
		HideSolutionNode = FALSE
	EndGlobalSection
	GlobalSection(ExtensibilityGlobals) = postSolution
		SolutionGuid = {E4054FEB-8DE1-4A19-A958-69F2E0DFED46}
	EndGlobalSection
EndGlobal
